{
  "pins" : [
    {
      "identity" : "leveloslog",
      "kind" : "remoteSourceControl",
      "location" : "https://github.com/HyunyKim/LevelOSLog.git",
      "state" : {
        "branch" : "main",
        "revision" : "9375f440fa75018a8336796e09a66bd4b7056473"
      }
    }
  ],
  "version" : 2
}
